
Microsoft Visual Studio Solution File, Format Version 11.00
# Visual Studio 2010
Project("{FAE04EC0-301F-11D3-BF4B-00C04F79EFBC}") = "Homemade", "Homemade\Homemade.csproj", "{E511AF07-1DFF-462F-9566-C5E652C5F12A}"
EndProject
Global
	GlobalSection(SolutionConfigurationPlatforms) = preSolution
		Debug|Any CPU = Debug|Any CPU
		Release|Any CPU = Release|Any CPU
	EndGlobalSection
	GlobalSection(ProjectConfigurationPlatforms) = postSolution
		{E511AF07-1DFF-462F-9566-C5E652C5F12A}.Debug|Any CPU.ActiveCfg = Debug|Any CPU
		{E511AF07-1DFF-462F-9566-C5E652C5F12A}.Debug|Any CPU.Build.0 = Debug|Any CPU
		{E511AF07-1DFF-462F-9566-C5E652C5F12A}.Release|Any CPU.ActiveCfg = Release|Any CPU
		{E511AF07-1DFF-462F-9566-C5E652C5F12A}.Release|Any CPU.Build.0 = Release|Any CPU
	EndGlobalSection
	GlobalSection(SolutionProperties) = preSolution
		HideSolutionNode = FALSE
	EndGlobalSection
EndGlobal
